{
  "pins" : [
    {
      "identity" : "bezelnotification",
      "kind" : "remoteSourceControl",
      "location" : "https://github.com/Yalir/BezelNotification.git",
      "state" : {
        "revision" : "68876d0e8c0ad09e0a1be8e7124b4f6c738df2c9",
        "version" : "1.1.0"
      }
    },
    {
      "identity" : "extensionkit",
      "kind" : "remoteSourceControl",
      "location" : "https://github.com/johnbean393/ExtensionKit",
      "state" : {
        "branch" : "main",
        "revision" : "d0b3abaf503c6a20b19ba7933ba038127ec3c1b2"
      }
    }
  ],
  "version" : 2
}
